
Microsoft Visual Studio Solution File, Format Version 12.00
# Visual Studio Version 17
VisualStudioVersion = 17.1.31911.260
MinimumVisualStudioVersion = 10.0.40219.1
Project("{FAE04EC0-301F-11D3-BF4B-00C04F79EFBC}") = "FunctionApp.AzureAD", "FunctionApp.AzureAD\FunctionApp.AzureAD.csproj", "{5D2B4ACA-EC97-4AA8-8472-B6511704D84B}"
EndProject
Global
	GlobalSection(SolutionConfigurationPlatforms) = preSolution
		Debug|Any CPU = Debug|Any CPU
		Release|Any CPU = Release|Any CPU
	EndGlobalSection
	GlobalSection(ProjectConfigurationPlatforms) = postSolution
		{5D2B4ACA-EC97-4AA8-8472-B6511704D84B}.Debug|Any CPU.ActiveCfg = Debug|Any CPU
		{5D2B4ACA-EC97-4AA8-8472-B6511704D84B}.Debug|Any CPU.Build.0 = Debug|Any CPU
		{5D2B4ACA-EC97-4AA8-8472-B6511704D84B}.Release|Any CPU.ActiveCfg = Release|Any CPU
		{5D2B4ACA-EC97-4AA8-8472-B6511704D84B}.Release|Any CPU.Build.0 = Release|Any CPU
	EndGlobalSection
	GlobalSection(SolutionProperties) = preSolution
		HideSolutionNode = FALSE
	EndGlobalSection
	GlobalSection(ExtensibilityGlobals) = postSolution
		SolutionGuid = {003FC391-5378-48A0-BABF-A41E565BF082}
	EndGlobalSection
EndGlobal
